<Solution>
  <Configurations>
    <Platform Name="ARM64" />
    <Platform Name="x64" />
    <Platform Name="x86" />
  </Configurations>
  <Folder Name="/Solution Items/">
    <File Path="Directory.Build.props" />
    <File Path="Directory.Packages.props" />
    <File Path="NuGet.Config" />
    <File Path="README.md" />
  </Folder>
  <Folder Name="/src/">
    <Project Path="src/OneMMC.Core/OneMMC.Core.csproj" Id="a18e2b0a-aa3a-4fbd-af6d-547fae061554" />
    <Project Path="src/OneMMC/OneMMC.csproj">
      <Platform Solution="*|ARM64" Project="ARM64" />
      <Platform Solution="*|x64" Project="x64" />
      <Platform Solution="*|x86" Project="x86" />
      <Deploy />
    </Project>
  </Folder>
</Solution>
